// !$*UTF8*$!
{
	archiveVersion = 1;
	classes = {
	};
	objectVersion = 56;
	objects = {

/* Begin PBXBuildFile section */
		EC5435172BBADE9800CD66B8 /* SwiftUILOTRConverter17App.swift in Sources */ = {isa = PBXBuildFile; fileRef = EC5435162BBADE9800CD66B8 /* SwiftUILOTRConverter17App.swift */; };
		EC5435192BBADE9800CD66B8 /* ContentView.swift in Sources */ = {isa = PBXBuildFile; fileRef = EC5435182BBADE9800CD66B8 /* ContentView.swift */; };
		EC54351B2BBADE9900CD66B8 /* Assets.xcassets in Resources */ = {isa = PBXBuildFile; fileRef = EC54351A2BBADE9900CD66B8 /* Assets.xcassets */; };
		EC54351E2BBADE9900CD66B8 /* Preview Assets.xcassets in Resources */ = {isa = PBXBuildFile; fileRef = EC54351D2BBADE9900CD66B8 /* Preview Assets.xcassets */; };
		EC5435252BBB129200CD66B8 /* ExchangeInfo.swift in Sources */ = {isa = PBXBuildFile; fileRef = EC5435242BBB129200CD66B8 /* ExchangeInfo.swift */; };
		EC5435272BBB249200CD66B8 /* ExchangeRate.swift in Sources */ = {isa = PBXBuildFile; fileRef = EC5435262BBB249200CD66B8 /* ExchangeRate.swift */; };
		EC5435292BBB59B100CD66B8 /* SelectCurrency.swift in Sources */ = {isa = PBXBuildFile; fileRef = EC5435282BBB59B100CD66B8 /* SelectCurrency.swift */; };
		EC54352B2BBB653D00CD66B8 /* CurrencyIcon.swift in Sources */ = {isa = PBXBuildFile; fileRef = EC54352A2BBB653D00CD66B8 /* CurrencyIcon.swift */; };
		ECDEA7D22BBC80D700CE7E63 /* Currency.swift in Sources */ = {isa = PBXBuildFile; fileRef = ECDEA7D12BBC80D700CE7E63 /* Currency.swift */; };
		ECE82F302BBD9B120096E57D /* IconGrid.swift in Sources */ = {isa = PBXBuildFile; fileRef = ECE82F2F2BBD9B120096E57D /* IconGrid.swift */; };
/* End PBXBuildFile section */

/* Begin PBXFileReference section */
		EC5435132BBADE9800CD66B8 /* SwiftUILOTRConverter17.app */ = {isa = PBXFileReference; explicitFileType = wrapper.application; includeInIndex = 0; path = SwiftUILOTRConverter17.app; sourceTree = BUILT_PRODUCTS_DIR; };
		EC5435162BBADE9800CD66B8 /* SwiftUILOTRConverter17App.swift */ = {isa = PBXFileReference; lastKnownFileType = sourcecode.swift; path = SwiftUILOTRConverter17App.swift; sourceTree = "<group>"; };
		EC5435182BBADE9800CD66B8 /* ContentView.swift */ = {isa = PBXFileReference; lastKnownFileType = sourcecode.swift; path = ContentView.swift; sourceTree = "<group>"; };
		EC54351A2BBADE9900CD66B8 /* Assets.xcassets */ = {isa = PBXFileReference; lastKnownFileType = folder.assetcatalog; path = Assets.xcassets; sourceTree = "<group>"; };
		EC54351D2BBADE9900CD66B8 /* Preview Assets.xcassets */ = {isa = PBXFileReference; lastKnownFileType = folder.assetcatalog; path = "Preview Assets.xcassets"; sourceTree = "<group>"; };
		EC5435242BBB129200CD66B8 /* ExchangeInfo.swift */ = {isa = PBXFileReference; lastKnownFileType = sourcecode.swift; path = ExchangeInfo.swift; sourceTree = "<group>"; };
		EC5435262BBB249200CD66B8 /* ExchangeRate.swift */ = {isa = PBXFileReference; lastKnownFileType = sourcecode.swift; path = ExchangeRate.swift; sourceTree = "<group>"; };
		EC5435282BBB59B100CD66B8 /* SelectCurrency.swift */ = {isa = PBXFileReference; lastKnownFileType = sourcecode.swift; path = SelectCurrency.swift; sourceTree = "<group>"; };
		EC54352A2BBB653D00CD66B8 /* CurrencyIcon.swift */ = {isa = PBXFileReference; lastKnownFileType = sourcecode.swift; path = CurrencyIcon.swift; sourceTree = "<group>"; };
		ECDEA7D12BBC80D700CE7E63 /* Currency.swift */ = {isa = PBXFileReference; lastKnownFileType = sourcecode.swift; path = Currency.swift; sourceTree = "<group>"; };
		ECE82F2F2BBD9B120096E57D /* IconGrid.swift */ = {isa = PBXFileReference; lastKnownFileType = sourcecode.swift; path = IconGrid.swift; sourceTree = "<group>"; };
/* End PBXFileReference section */

/* Begin PBXFrameworksBuildPhase section */
		EC5435102BBADE9800CD66B8 /* Frameworks */ = {
			isa = PBXFrameworksBuildPhase;
			buildActionMask = 2147483647;
			files = (
			);
			runOnlyForDeploymentPostprocessing = 0;
		};
/* End PBXFrameworksBuildPhase section */

/* Begin PBXGroup section */
		EC54350A2BBADE9800CD66B8 = {
			isa = PBXGroup;
			children = (
				EC5435152BBADE9800CD66B8 /* SwiftUILOTRConverter17 */,
				EC5435142BBADE9800CD66B8 /* Products */,
			);
			sourceTree = "<group>";
		};
		EC5435142BBADE9800CD66B8 /* Products */ = {
			isa = PBXGroup;
			children = (
				EC5435132BBADE9800CD66B8 /* SwiftUILOTRConverter17.app */,
			);
			name = Products;
			sourceTree = "<group>";
		};
		EC5435152BBADE9800CD66B8 /* SwiftUILOTRConverter17 */ = {
			isa = PBXGroup;
			children = (
				EC5435162BBADE9800CD66B8 /* SwiftUILOTRConverter17App.swift */,
				EC5435182BBADE9800CD66B8 /* ContentView.swift */,
				EC5435242BBB129200CD66B8 /* ExchangeInfo.swift */,
				EC5435282BBB59B100CD66B8 /* SelectCurrency.swift */,
				ECE82F2F2BBD9B120096E57D /* IconGrid.swift */,
				EC54352A2BBB653D00CD66B8 /* CurrencyIcon.swift */,
				ECDEA7D12BBC80D700CE7E63 /* Currency.swift */,
				EC5435262BBB249200CD66B8 /* ExchangeRate.swift */,
				EC54351A2BBADE9900CD66B8 /* Assets.xcassets */,
				EC54351C2BBADE9900CD66B8 /* Preview Content */,
			);
			path = SwiftUILOTRConverter17;
			sourceTree = "<group>";
		};
		EC54351C2BBADE9900CD66B8 /* Preview Content */ = {
			isa = PBXGroup;
			children = (
				EC54351D2BBADE9900CD66B8 /* Preview Assets.xcassets */,
			);
			path = "Preview Content";
			sourceTree = "<group>";
		};
/* End PBXGroup section */

/* Begin PBXNativeTarget section */
		EC5435122BBADE9800CD66B8 /* SwiftUILOTRConverter17 */ = {
			isa = PBXNativeTarget;
			buildConfigurationList = EC5435212BBADE9900CD66B8 /* Build configuration list for PBXNativeTarget "SwiftUILOTRConverter17" */;
			buildPhases = (
				EC54350F2BBADE9800CD66B8 /* Sources */,
				EC5435102BBADE9800CD66B8 /* Frameworks */,
				EC5435112BBADE9800CD66B8 /* Resources */,
			);
			buildRules = (
			);
			dependencies = (
			);
			name = SwiftUILOTRConverter17;
			productName = SwiftUILOTRConverter17;
			productReference = EC5435132BBADE9800CD66B8 /* SwiftUILOTRConverter17.app */;
			productType = "com.apple.product-type.application";
		};
/* End PBXNativeTarget section */

/* Begin PBXProject section */
		EC54350B2BBADE9800CD66B8 /* Project object */ = {
			isa = PBXProject;
			attributes = {
				BuildIndependentTargetsInParallel = 1;
				LastSwiftUpdateCheck = 1530;
				LastUpgradeCheck = 1530;
				TargetAttributes = {
					EC5435122BBADE9800CD66B8 = {
						CreatedOnToolsVersion = 15.3;
					};
				};
			};
			buildConfigurationList = EC54350E2BBADE9800CD66B8 /* Build configuration list for PBXProject "SwiftUILOTRConverter17" */;
			compatibilityVersion = "Xcode 14.0";
			developmentRegion = en;
			hasScannedForEncodings = 0;
			knownRegions = (
				en,
				Base,
			);
			mainGroup = EC54350A2BBADE9800CD66B8;
			productRefGroup = EC5435142BBADE9800CD66B8 /* Products */;
			projectDirPath = "";
			projectRoot = "";
			targets = (
				EC5435122BBADE9800CD66B8 /* SwiftUILOTRConverter17 */,
			);
		};
/* End PBXProject section */

/* Begin PBXResourcesBuildPhase section */
		EC5435112BBADE9800CD66B8 /* Resources */ = {
			isa = PBXResourcesBuildPhase;
			buildActionMask = 2147483647;
			files = (
				EC54351E2BBADE9900CD66B8 /* Preview Assets.xcassets in Resources */,
				EC54351B2BBADE9900CD66B8 /* Assets.xcassets in Resources */,
			);
			runOnlyForDeploymentPostprocessing = 0;
		};
/* End PBXResourcesBuildPhase section */

/* Begin PBXSourcesBuildPhase section */
		EC54350F2BBADE9800CD66B8 /* Sources */ = {
			isa = PBXSourcesBuildPhase;
			buildActionMask = 2147483647;
			files = (
				ECE82F302BBD9B120096E57D /* IconGrid.swift in Sources */,
				EC5435272BBB249200CD66B8 /* ExchangeRate.swift in Sources */,
				EC5435292BBB59B100CD66B8 /* SelectCurrency.swift in Sources */,
				EC5435252BBB129200CD66B8 /* ExchangeInfo.swift in Sources */,
				EC5435192BBADE9800CD66B8 /* ContentView.swift in Sources */,
				EC5435172BBADE9800CD66B8 /* SwiftUILOTRConverter17App.swift in Sources */,
				ECDEA7D22BBC80D700CE7E63 /* Currency.swift in Sources */,
				EC54352B2BBB653D00CD66B8 /* CurrencyIcon.swift in Sources */,
			);
			runOnlyForDeploymentPostprocessing = 0;
		};
/* End PBXSourcesBuildPhase section */

/* Begin XCBuildConfiguration section */
		EC54351F2BBADE9900CD66B8 /* Debug */ = {
			isa = XCBuildConfiguration;
			buildSettings = {
				ALWAYS_SEARCH_USER_PATHS = NO;
				ASSETCATALOG_COMPILER_GENERATE_SWIFT_ASSET_SYMBOL_EXTENSIONS = YES;
				CLANG_ANALYZER_NONNULL = YES;
				CLANG_ANALYZER_NUMBER_OBJECT_CONVERSION = YES_AGGRESSIVE;
				CLANG_CXX_LANGUAGE_STANDARD = "gnu++20";
				CLANG_ENABLE_MODULES = YES;
				CLANG_ENABLE_OBJC_ARC = YES;
				CLANG_ENABLE_OBJC_WEAK = YES;
				CLANG_WARN_BLOCK_CAPTURE_AUTORELEASING = YES;
				CLANG_WARN_BOOL_CONVERSION = YES;
				CLANG_WARN_COMMA = YES;
				CLANG_WARN_CONSTANT_CONVERSION = YES;
				CLANG_WARN_DEPRECATED_OBJC_IMPLEMENTATIONS = YES;
				CLANG_WARN_DIRECT_OBJC_ISA_USAGE = YES_ERROR;
				CLANG_WARN_DOCUMENTATION_COMMENTS = YES;
				CLANG_WARN_EMPTY_BODY = YES;
				CLANG_WARN_ENUM_CONVERSION = YES;
				CLANG_WARN_INFINITE_RECURSION = YES;
				CLANG_WARN_INT_CONVERSION = YES;
				CLANG_WARN_NON_LITERAL_NULL_CONVERSION = YES;
				CLANG_WARN_OBJC_IMPLICIT_RETAIN_SELF = YES;
				CLANG_WARN_OBJC_LITERAL_CONVERSION = YES;
				CLANG_WARN_OBJC_ROOT_CLASS = YES_ERROR;
				CLANG_WARN_QUOTED_INCLUDE_IN_FRAMEWORK_HEADER = YES;
				CLANG_WARN_RANGE_LOOP_ANALYSIS = YES;
				CLANG_WARN_STRICT_PROTOTYPES = YES;
				CLANG_WARN_SUSPICIOUS_MOVE = YES;
				CLANG_WARN_UNGUARDED_AVAILABILITY = YES_AGGRESSIVE;
				CLANG_WARN_UNREACHABLE_CODE = YES;
				CLANG_WARN__DUPLICATE_METHOD_MATCH = YES;
				COPY_PHASE_STRIP = NO;
				DEBUG_INFORMATION_FORMAT = dwarf;
				ENABLE_STRICT_OBJC_MSGSEND = YES;
				ENABLE_TESTABILITY = YES;
				ENABLE_USER_SCRIPT_SANDBOXING = YES;
				GCC_C_LANGUAGE_STANDARD = gnu17;
				GCC_DYNAMIC_NO_PIC = NO;
				GCC_NO_COMMON_BLOCKS = YES;
				GCC_OPTIMIZATION_LEVEL = 0;
				GCC_PREPROCESSOR_DEFINITIONS = (
					"DEBUG=1",
					"$(inherited)",
				);
				GCC_WARN_64_TO_32_BIT_CONVERSION = YES;
				GCC_WARN_ABOUT_RETURN_TYPE = YES_ERROR;
				GCC_WARN_UNDECLARED_SELECTOR = YES;
				GCC_WARN_UNINITIALIZED_AUTOS = YES_AGGRESSIVE;
				GCC_WARN_UNUSED_FUNCTION = YES;
				GCC_WARN_UNUSED_VARIABLE = YES;
				IPHONEOS_DEPLOYMENT_TARGET = 17.4;
				LOCALIZATION_PREFERS_STRING_CATALOGS = YES;
				MTL_ENABLE_DEBUG_INFO = INCLUDE_SOURCE;
				MTL_FAST_MATH = YES;
				ONLY_ACTIVE_ARCH = YES;
				SDKROOT = iphoneos;
				SWIFT_ACTIVE_COMPILATION_CONDITIONS = "DEBUG $(inherited)";
				SWIFT_OPTIMIZATION_LEVEL = "-Onone";
			};
			name = Debug;
		};
		EC5435202BBADE9900CD66B8 /* Release */ = {
			isa = XCBuildConfiguration;
			buildSettings = {
				ALWAYS_SEARCH_USER_PATHS = NO;
				ASSETCATALOG_COMPILER_GENERATE_SWIFT_ASSET_SYMBOL_EXTENSIONS = YES;
				CLANG_ANALYZER_NONNULL = YES;
				CLANG_ANALYZER_NUMBER_OBJECT_CONVERSION = YES_AGGRESSIVE;
				CLANG_CXX_LANGUAGE_STANDARD = "gnu++20";
				CLANG_ENABLE_MODULES = YES;
				CLANG_ENABLE_OBJC_ARC = YES;
				CLANG_ENABLE_OBJC_WEAK = YES;
				CLANG_WARN_BLOCK_CAPTURE_AUTORELEASING = YES;
				CLANG_WARN_BOOL_CONVERSION = YES;
				CLANG_WARN_COMMA = YES;
				CLANG_WARN_CONSTANT_CONVERSION = YES;
				CLANG_WARN_DEPRECATED_OBJC_IMPLEMENTATIONS = YES;
				CLANG_WARN_DIRECT_OBJC_ISA_USAGE = YES_ERROR;
				CLANG_WARN_DOCUMENTATION_COMMENTS = YES;
				CLANG_WARN_EMPTY_BODY = YES;
				CLANG_WARN_ENUM_CONVERSION = YES;
				CLANG_WARN_INFINITE_RECURSION = YES;
				CLANG_WARN_INT_CONVERSION = YES;
				CLANG_WARN_NON_LITERAL_NULL_CONVERSION = YES;
				CLANG_WARN_OBJC_IMPLICIT_RETAIN_SELF = YES;
				CLANG_WARN_OBJC_LITERAL_CONVERSION = YES;
				CLANG_WARN_OBJC_ROOT_CLASS = YES_ERROR;
				CLANG_WARN_QUOTED_INCLUDE_IN_FRAMEWORK_HEADER = YES;
				CLANG_WARN_RANGE_LOOP_ANALYSIS = YES;
				CLANG_WARN_STRICT_PROTOTYPES = YES;
				CLANG_WARN_SUSPICIOUS_MOVE = YES;
				CLANG_WARN_UNGUARDED_AVAILABILITY = YES_AGGRESSIVE;
				CLANG_WARN_UNREACHABLE_CODE = YES;
				CLANG_WARN__DUPLICATE_METHOD_MATCH = YES;
				COPY_PHASE_STRIP = NO;
				DEBUG_INFORMATION_FORMAT = "dwarf-with-dsym";
				ENABLE_NS_ASSERTIONS = NO;
				ENABLE_STRICT_OBJC_MSGSEND = YES;
				ENABLE_USER_SCRIPT_SANDBOXING = YES;
				GCC_C_LANGUAGE_STANDARD = gnu17;
				GCC_NO_COMMON_BLOCKS = YES;
				GCC_WARN_64_TO_32_BIT_CONVERSION = YES;
				GCC_WARN_ABOUT_RETURN_TYPE = YES_ERROR;
				GCC_WARN_UNDECLARED_SELECTOR = YES;
				GCC_WARN_UNINITIALIZED_AUTOS = YES_AGGRESSIVE;
				GCC_WARN_UNUSED_FUNCTION = YES;
				GCC_WARN_UNUSED_VARIABLE = YES;
				IPHONEOS_DEPLOYMENT_TARGET = 17.4;
				LOCALIZATION_PREFERS_STRING_CATALOGS = YES;
				MTL_ENABLE_DEBUG_INFO = NO;
				MTL_FAST_MATH = YES;
				SDKROOT = iphoneos;
				SWIFT_COMPILATION_MODE = wholemodule;
				VALIDATE_PRODUCT = YES;
			};
			name = Release;
		};
		EC5435222BBADE9900CD66B8 /* Debug */ = {
			isa = XCBuildConfiguration;
			buildSettings = {
				ASSETCATALOG_COMPILER_APPICON_NAME = AppIcon;
				ASSETCATALOG_COMPILER_GLOBAL_ACCENT_COLOR_NAME = AccentColor;
				CODE_SIGN_STYLE = Automatic;
				CURRENT_PROJECT_VERSION = 1;
				DEVELOPMENT_ASSET_PATHS = "\"SwiftUILOTRConverter17/Preview Content\"";
				DEVELOPMENT_TEAM = 9RY3YFMNU4;
				ENABLE_PREVIEWS = YES;
				GENERATE_INFOPLIST_FILE = YES;
				INFOPLIST_KEY_UIApplicationSceneManifest_Generation = YES;
				INFOPLIST_KEY_UIApplicationSupportsIndirectInputEvents = YES;
				INFOPLIST_KEY_UILaunchScreen_Generation = YES;
				INFOPLIST_KEY_UISupportedInterfaceOrientations_iPad = "UIInterfaceOrientationPortrait UIInterfaceOrientationPortraitUpsideDown UIInterfaceOrientationLandscapeLeft UIInterfaceOrientationLandscapeRight";
				INFOPLIST_KEY_UISupportedInterfaceOrientations_iPhone = "UIInterfaceOrientationPortrait UIInterfaceOrientationLandscapeLeft UIInterfaceOrientationLandscapeRight";
				LD_RUNPATH_SEARCH_PATHS = (
					"$(inherited)",
					"@executable_path/Frameworks",
				);
				MARKETING_VERSION = 1.0;
				PRODUCT_BUNDLE_IDENTIFIER = com.swiftuilp.SwiftUILOTRConverter17;
				PRODUCT_NAME = "$(TARGET_NAME)";
				SWIFT_EMIT_LOC_STRINGS = YES;
				SWIFT_VERSION = 5.0;
				TARGETED_DEVICE_FAMILY = "1,2";
			};
			name = Debug;
		};
		EC5435232BBADE9900CD66B8 /* Release */ = {
			isa = XCBuildConfiguration;
			buildSettings = {
				ASSETCATALOG_COMPILER_APPICON_NAME = AppIcon;
				ASSETCATALOG_COMPILER_GLOBAL_ACCENT_COLOR_NAME = AccentColor;
				CODE_SIGN_STYLE = Automatic;
				CURRENT_PROJECT_VERSION = 1;
				DEVELOPMENT_ASSET_PATHS = "\"SwiftUILOTRConverter17/Preview Content\"";
				DEVELOPMENT_TEAM = 9RY3YFMNU4;
				ENABLE_PREVIEWS = YES;
				GENERATE_INFOPLIST_FILE = YES;
				INFOPLIST_KEY_UIApplicationSceneManifest_Generation = YES;
				INFOPLIST_KEY_UIApplicationSupportsIndirectInputEvents = YES;
				INFOPLIST_KEY_UILaunchScreen_Generation = YES;
				INFOPLIST_KEY_UISupportedInterfaceOrientations_iPad = "UIInterfaceOrientationPortrait UIInterfaceOrientationPortraitUpsideDown UIInterfaceOrientationLandscapeLeft UIInterfaceOrientationLandscapeRight";
				INFOPLIST_KEY_UISupportedInterfaceOrientations_iPhone = "UIInterfaceOrientationPortrait UIInterfaceOrientationLandscapeLeft UIInterfaceOrientationLandscapeRight";
				LD_RUNPATH_SEARCH_PATHS = (
					"$(inherited)",
					"@executable_path/Frameworks",
				);
				MARKETING_VERSION = 1.0;
				PRODUCT_BUNDLE_IDENTIFIER = com.swiftuilp.SwiftUILOTRConverter17;
				PRODUCT_NAME = "$(TARGET_NAME)";
				SWIFT_EMIT_LOC_STRINGS = YES;
				SWIFT_VERSION = 5.0;
				TARGETED_DEVICE_FAMILY = "1,2";
			};
			name = Release;
		};
/* End XCBuildConfiguration section */

/* Begin XCConfigurationList section */
		EC54350E2BBADE9800CD66B8 /* Build configuration list for PBXProject "SwiftUILOTRConverter17" */ = {
			isa = XCConfigurationList;
			buildConfigurations = (
				EC54351F2BBADE9900CD66B8 /* Debug */,
				EC5435202BBADE9900CD66B8 /* Release */,
			);
			defaultConfigurationIsVisible = 0;
			defaultConfigurationName = Release;
		};
		EC5435212BBADE9900CD66B8 /* Build configuration list for PBXNativeTarget "SwiftUILOTRConverter17" */ = {
			isa = XCConfigurationList;
			buildConfigurations = (
				EC5435222BBADE9900CD66B8 /* Debug */,
				EC5435232BBADE9900CD66B8 /* Release */,
			);
			defaultConfigurationIsVisible = 0;
			defaultConfigurationName = Release;
		};
/* End XCConfigurationList section */
	};
	rootObject = EC54350B2BBADE9800CD66B8 /* Project object */;
}
